
Microsoft Visual Studio Solution File, Format Version 12.00
# Visual Studio Version 17
VisualStudioVersion = 17.0.31903.59
MinimumVisualStudioVersion = 10.0.40219.1
Project("{FAE04EC0-301F-11D3-BF4B-00C04F79EFBC}") = "MSA.Common.Contracts", "MSA.Common.Contracts\MSA.Common.Contracts.csproj", "{79294B9C-7E17-491F-9FBD-4F701FA564CD}"
EndProject
Project("{FAE04EC0-301F-11D3-BF4B-00C04F79EFBC}") = "MSA.Common.Mongo", "MSA.Common.Mongo\MSA.Common.Mongo.csproj", "{917289CF-E07E-4E37-8F9F-FBB698F221D7}"
EndProject
Project("{FAE04EC0-301F-11D3-BF4B-00C04F79EFBC}") = "MSA.Common.PostgresMassTransit", "MSA.Common.PostgresMassTransit\MSA.Common.PostgresMassTransit.csproj", "{4FBC126A-85A3-42D1-99BE-900E1650A481}"
EndProject
Project("{FAE04EC0-301F-11D3-BF4B-00C04F79EFBC}") = "MSA.ProductService", "MSA.ProductService\MSA.ProductService.csproj", "{166BADCC-1560-4781-923B-BCF524B7EB9F}"
EndProject
Project("{FAE04EC0-301F-11D3-BF4B-00C04F79EFBC}") = "MSA.OrderService", "MSA.OrderService\MSA.OrderService.csproj", "{5E0BFF1D-3C6A-4682-A623-1625F7F3A06B}"
EndProject
Global
	GlobalSection(SolutionConfigurationPlatforms) = preSolution
		Debug|Any CPU = Debug|Any CPU
		Release|Any CPU = Release|Any CPU
	EndGlobalSection
	GlobalSection(SolutionProperties) = preSolution
		HideSolutionNode = FALSE
	EndGlobalSection
	GlobalSection(ProjectConfigurationPlatforms) = postSolution
		{79294B9C-7E17-491F-9FBD-4F701FA564CD}.Debug|Any CPU.ActiveCfg = Debug|Any CPU
		{79294B9C-7E17-491F-9FBD-4F701FA564CD}.Debug|Any CPU.Build.0 = Debug|Any CPU
		{79294B9C-7E17-491F-9FBD-4F701FA564CD}.Release|Any CPU.ActiveCfg = Release|Any CPU
		{79294B9C-7E17-491F-9FBD-4F701FA564CD}.Release|Any CPU.Build.0 = Release|Any CPU
		{917289CF-E07E-4E37-8F9F-FBB698F221D7}.Debug|Any CPU.ActiveCfg = Debug|Any CPU
		{917289CF-E07E-4E37-8F9F-FBB698F221D7}.Debug|Any CPU.Build.0 = Debug|Any CPU
		{917289CF-E07E-4E37-8F9F-FBB698F221D7}.Release|Any CPU.ActiveCfg = Release|Any CPU
		{917289CF-E07E-4E37-8F9F-FBB698F221D7}.Release|Any CPU.Build.0 = Release|Any CPU
		{4FBC126A-85A3-42D1-99BE-900E1650A481}.Debug|Any CPU.ActiveCfg = Debug|Any CPU
		{4FBC126A-85A3-42D1-99BE-900E1650A481}.Debug|Any CPU.Build.0 = Debug|Any CPU
		{4FBC126A-85A3-42D1-99BE-900E1650A481}.Release|Any CPU.ActiveCfg = Release|Any CPU
		{4FBC126A-85A3-42D1-99BE-900E1650A481}.Release|Any CPU.Build.0 = Release|Any CPU
		{166BADCC-1560-4781-923B-BCF524B7EB9F}.Debug|Any CPU.ActiveCfg = Debug|Any CPU
		{166BADCC-1560-4781-923B-BCF524B7EB9F}.Debug|Any CPU.Build.0 = Debug|Any CPU
		{166BADCC-1560-4781-923B-BCF524B7EB9F}.Release|Any CPU.ActiveCfg = Release|Any CPU
		{166BADCC-1560-4781-923B-BCF524B7EB9F}.Release|Any CPU.Build.0 = Release|Any CPU
		{5E0BFF1D-3C6A-4682-A623-1625F7F3A06B}.Debug|Any CPU.ActiveCfg = Debug|Any CPU
		{5E0BFF1D-3C6A-4682-A623-1625F7F3A06B}.Debug|Any CPU.Build.0 = Debug|Any CPU
		{5E0BFF1D-3C6A-4682-A623-1625F7F3A06B}.Release|Any CPU.ActiveCfg = Release|Any CPU
		{5E0BFF1D-3C6A-4682-A623-1625F7F3A06B}.Release|Any CPU.Build.0 = Release|Any CPU
	EndGlobalSection
EndGlobal
